PODS:
  - Retargetly (1.2.5)

DEPENDENCIES:
  - Retargetly (from `/Users/josevalderrama/Documents/dev/retargetly/sdk-ios`)

EXTERNAL SOURCES:
  Retargetly:
    :path: "/Users/josevalderrama/Documents/dev/retargetly/sdk-ios"

SPEC CHECKSUMS:
  Retargetly: 59da92115729584066d4d3ca046ea25ff49eeb78

PODFILE CHECKSUM: 6c966cbddc8c6eb0c78bb4d2cd5301a3b93951af

COCOAPODS: 1.10.1
